
Microsoft Visual Studio Solution File, Format Version 12.00
# Visual Studio 15
VisualStudioVersion = 15.0.27703.2026
MinimumVisualStudioVersion = 10.0.40219.1
Project("{F184B08F-C81C-45F6-A57F-5ABD9991F28F}") = "HelloLib", "HelloLib\HelloLib.vbproj", "{B109F186-AD41-4CA0-BBDE-F1342880FEEE}"
EndProject
Global
	GlobalSection(SolutionConfigurationPlatforms) = preSolution
		Debug|Any CPU = Debug|Any CPU
		Release|Any CPU = Release|Any CPU
	EndGlobalSection
	GlobalSection(ProjectConfigurationPlatforms) = postSolution
		{B109F186-AD41-4CA0-BBDE-F1342880FEEE}.Debug|Any CPU.ActiveCfg = Debug|Any CPU
		{B109F186-AD41-4CA0-BBDE-F1342880FEEE}.Debug|Any CPU.Build.0 = Debug|Any CPU
		{B109F186-AD41-4CA0-BBDE-F1342880FEEE}.Release|Any CPU.ActiveCfg = Release|Any CPU
		{B109F186-AD41-4CA0-BBDE-F1342880FEEE}.Release|Any CPU.Build.0 = Release|Any CPU
	EndGlobalSection
	GlobalSection(SolutionProperties) = preSolution
		HideSolutionNode = FALSE
	EndGlobalSection
	GlobalSection(ExtensibilityGlobals) = postSolution
		SolutionGuid = {6935F6BB-2644-4BE0-8D64-0BE61170B83F}
	EndGlobalSection
EndGlobal
